
Microsoft Visual Studio Solution File, Format Version 12.00
# Visual Studio Version 17
VisualStudioVersion = 17.13.35828.75
MinimumVisualStudioVersion = 10.0.40219.1
Project("{FAE04EC0-301F-11D3-BF4B-00C04F79EFBC}") = "StriveUp.MAUI", "StriveUp.MAUI\StriveUp.MAUI.csproj", "{C37257BD-D0AC-4073-8A2A-93F6135EA10A}"
EndProject
Project("{FAE04EC0-301F-11D3-BF4B-00C04F79EFBC}") = "StriveUp.Shared", "StriveUp.Shared\StriveUp.Shared.csproj", "{0C2D7CC3-959D-400B-9695-317E1B80197E}"
EndProject
Project("{FAE04EC0-301F-11D3-BF4B-00C04F79EFBC}") = "StriveUp.Web", "StriveUp.Web\StriveUp.Web.csproj", "{93613A7A-9DA6-431F-B543-16077A9E1DB9}"
EndProject
Project("{FAE04EC0-301F-11D3-BF4B-00C04F79EFBC}") = "StriveUp.Infrastructure", "StriveUp.Infrastructure\StriveUp.Infrastructure.csproj", "{FC3117A1-3498-404A-B3EE-F028C72018F4}"
EndProject
Project("{FAE04EC0-301F-11D3-BF4B-00C04F79EFBC}") = "StriveUp.API", "StriveUp.API\StriveUp.API.csproj", "{F3665485-04CC-4A53-A2AE-373D899C7BBB}"
EndProject
Project("{FAE04EC0-301F-11D3-BF4B-00C04F79EFBC}") = "StriveUp.Sync", "StriveUp.Sync\StriveUp.Sync.csproj", "{B275E46E-011C-4B5D-89D5-ABC02D63DBF8}"
EndProject
Global
	GlobalSection(SolutionConfigurationPlatforms) = preSolution
		Debug|Any CPU = Debug|Any CPU
		Release|Any CPU = Release|Any CPU
	EndGlobalSection
	GlobalSection(ProjectConfigurationPlatforms) = postSolution
		{C37257BD-D0AC-4073-8A2A-93F6135EA10A}.Debug|Any CPU.ActiveCfg = Debug|Any CPU
		{C37257BD-D0AC-4073-8A2A-93F6135EA10A}.Debug|Any CPU.Build.0 = Debug|Any CPU
		{C37257BD-D0AC-4073-8A2A-93F6135EA10A}.Debug|Any CPU.Deploy.0 = Debug|Any CPU
		{C37257BD-D0AC-4073-8A2A-93F6135EA10A}.Release|Any CPU.ActiveCfg = Release|Any CPU
		{C37257BD-D0AC-4073-8A2A-93F6135EA10A}.Release|Any CPU.Build.0 = Release|Any CPU
		{0C2D7CC3-959D-400B-9695-317E1B80197E}.Debug|Any CPU.ActiveCfg = Debug|Any CPU
		{0C2D7CC3-959D-400B-9695-317E1B80197E}.Debug|Any CPU.Build.0 = Debug|Any CPU
		{0C2D7CC3-959D-400B-9695-317E1B80197E}.Release|Any CPU.ActiveCfg = Release|Any CPU
		{0C2D7CC3-959D-400B-9695-317E1B80197E}.Release|Any CPU.Build.0 = Release|Any CPU
		{93613A7A-9DA6-431F-B543-16077A9E1DB9}.Debug|Any CPU.ActiveCfg = Debug|Any CPU
		{93613A7A-9DA6-431F-B543-16077A9E1DB9}.Debug|Any CPU.Build.0 = Debug|Any CPU
		{93613A7A-9DA6-431F-B543-16077A9E1DB9}.Release|Any CPU.ActiveCfg = Release|Any CPU
		{93613A7A-9DA6-431F-B543-16077A9E1DB9}.Release|Any CPU.Build.0 = Release|Any CPU
		{FC3117A1-3498-404A-B3EE-F028C72018F4}.Debug|Any CPU.ActiveCfg = Debug|Any CPU
		{FC3117A1-3498-404A-B3EE-F028C72018F4}.Debug|Any CPU.Build.0 = Debug|Any CPU
		{FC3117A1-3498-404A-B3EE-F028C72018F4}.Release|Any CPU.ActiveCfg = Release|Any CPU
		{FC3117A1-3498-404A-B3EE-F028C72018F4}.Release|Any CPU.Build.0 = Release|Any CPU
		{F3665485-04CC-4A53-A2AE-373D899C7BBB}.Debug|Any CPU.ActiveCfg = Debug|Any CPU
		{F3665485-04CC-4A53-A2AE-373D899C7BBB}.Debug|Any CPU.Build.0 = Debug|Any CPU
		{F3665485-04CC-4A53-A2AE-373D899C7BBB}.Release|Any CPU.ActiveCfg = Release|Any CPU
		{F3665485-04CC-4A53-A2AE-373D899C7BBB}.Release|Any CPU.Build.0 = Release|Any CPU
		{B275E46E-011C-4B5D-89D5-ABC02D63DBF8}.Debug|Any CPU.ActiveCfg = Debug|Any CPU
		{B275E46E-011C-4B5D-89D5-ABC02D63DBF8}.Debug|Any CPU.Build.0 = Debug|Any CPU
		{B275E46E-011C-4B5D-89D5-ABC02D63DBF8}.Release|Any CPU.ActiveCfg = Release|Any CPU
		{B275E46E-011C-4B5D-89D5-ABC02D63DBF8}.Release|Any CPU.Build.0 = Release|Any CPU
	EndGlobalSection
	GlobalSection(SolutionProperties) = preSolution
		HideSolutionNode = FALSE
	EndGlobalSection
	GlobalSection(ExtensibilityGlobals) = postSolution
		SolutionGuid = {4297B4E3-E79C-43B9-801C-7B2F2C21D3A1}
	EndGlobalSection
EndGlobal
